
Microsoft Visual Studio Solution File, Format Version 12.00
# Visual Studio 15
VisualStudioVersion = 15.0.26730.15
MinimumVisualStudioVersion = 10.0.40219.1
Project("{FAE04EC0-301F-11D3-BF4B-00C04F79EFBC}") = "Sevial.WEB", "Sevial.WEB\Sevial.WEB.csproj", "{DF68D37A-5ED5-48A2-B1CB-FC3B8F08DBEF}"
EndProject
Project("{FAE04EC0-301F-11D3-BF4B-00C04F79EFBC}") = "Sevial.CF.DATA", "Sevial.CF.DATA\Sevial.CF.DATA.csproj", "{380B00DA-8E05-48FE-BFCC-A65008B64AA8}"
EndProject
Project("{2150E333-8FDC-42A3-9474-1A3956D46DE8}") = "1_FRONT", "1_FRONT", "{6187558C-2907-48B9-B29C-8844BBD1AA0E}"
EndProject
Project("{2150E333-8FDC-42A3-9474-1A3956D46DE8}") = "2_API", "2_API", "{C5F1E72E-9574-4245-9026-AC089BA54483}"
EndProject
Project("{2150E333-8FDC-42A3-9474-1A3956D46DE8}") = "3_DATOS", "3_DATOS", "{8A70A4CA-F730-4A72-B438-B87DEA6C4B40}"
EndProject
Project("{FAE04EC0-301F-11D3-BF4B-00C04F79EFBC}") = "Sevial.API2", "Sevial.API2\Sevial.API2.csproj", "{5FF93035-F649-4D77-8B06-C304B0934AE8}"
EndProject
Global
	GlobalSection(SolutionConfigurationPlatforms) = preSolution
		Debug|Any CPU = Debug|Any CPU
		Release|Any CPU = Release|Any CPU
	EndGlobalSection
	GlobalSection(ProjectConfigurationPlatforms) = postSolution
		{DF68D37A-5ED5-48A2-B1CB-FC3B8F08DBEF}.Debug|Any CPU.ActiveCfg = Debug|Any CPU
		{DF68D37A-5ED5-48A2-B1CB-FC3B8F08DBEF}.Debug|Any CPU.Build.0 = Debug|Any CPU
		{DF68D37A-5ED5-48A2-B1CB-FC3B8F08DBEF}.Release|Any CPU.ActiveCfg = Release|Any CPU
		{DF68D37A-5ED5-48A2-B1CB-FC3B8F08DBEF}.Release|Any CPU.Build.0 = Release|Any CPU
		{380B00DA-8E05-48FE-BFCC-A65008B64AA8}.Debug|Any CPU.ActiveCfg = Debug|Any CPU
		{380B00DA-8E05-48FE-BFCC-A65008B64AA8}.Debug|Any CPU.Build.0 = Debug|Any CPU
		{380B00DA-8E05-48FE-BFCC-A65008B64AA8}.Release|Any CPU.ActiveCfg = Release|Any CPU
		{380B00DA-8E05-48FE-BFCC-A65008B64AA8}.Release|Any CPU.Build.0 = Release|Any CPU
		{5FF93035-F649-4D77-8B06-C304B0934AE8}.Debug|Any CPU.ActiveCfg = Debug|Any CPU
		{5FF93035-F649-4D77-8B06-C304B0934AE8}.Debug|Any CPU.Build.0 = Debug|Any CPU
		{5FF93035-F649-4D77-8B06-C304B0934AE8}.Release|Any CPU.ActiveCfg = Release|Any CPU
		{5FF93035-F649-4D77-8B06-C304B0934AE8}.Release|Any CPU.Build.0 = Release|Any CPU
	EndGlobalSection
	GlobalSection(SolutionProperties) = preSolution
		HideSolutionNode = FALSE
	EndGlobalSection
	GlobalSection(NestedProjects) = preSolution
		{DF68D37A-5ED5-48A2-B1CB-FC3B8F08DBEF} = {6187558C-2907-48B9-B29C-8844BBD1AA0E}
		{380B00DA-8E05-48FE-BFCC-A65008B64AA8} = {8A70A4CA-F730-4A72-B438-B87DEA6C4B40}
		{5FF93035-F649-4D77-8B06-C304B0934AE8} = {C5F1E72E-9574-4245-9026-AC089BA54483}
	EndGlobalSection
	GlobalSection(ExtensibilityGlobals) = postSolution
		SolutionGuid = {A72C0220-FA2F-4BA0-8F52-EF32910548F3}
	EndGlobalSection
EndGlobal
