# THIS IS AN AUTOGENERATED FILE. DO NOT EDIT THIS FILE DIRECTLY.
# yarn lockfile v1


"@types/angular-ui-router@^1.1.34":
  version "1.1.40"
  resolved "https://registry.yarnpkg.com/@types/angular-ui-router/-/angular-ui-router-1.1.40.tgz#d8a10fe4af86a069f8c3302946363f1149e5a6b3"
  dependencies:
    "@types/angular" "*"

"@types/angular@*", "@types/angular@^1.5.17":
  version "1.6.43"
  resolved "https://registry.yarnpkg.com/@types/angular/-/angular-1.6.43.tgz#6235ef416053a86302970717510a936d889cbb9a"

"@uirouter/core@5.0.3":
  version "5.0.3"
  resolved "https://registry.yarnpkg.com/@uirouter/core/-/core-5.0.3.tgz#e2b5b1e45190e20c67ba4e15c013de5d4e0ccab3"

angular-animate@^1.6.6:
  version "1.6.9"
  resolved "https://registry.yarnpkg.com/angular-animate/-/angular-animate-1.6.9.tgz#a0f926c1ba3190bd8929ef966a7fa79760682622"

angular-base64@^2.0.5:
  version "2.0.5"
  resolved "https://registry.yarnpkg.com/angular-base64/-/angular-base64-2.0.5.tgz#13255562ad1c8e8ca09b9c4b1f4ef966ac4cd093"
  dependencies:
    angular ">= 1.0.8"

angular-bootstrap-switch@^0.5.2:
  version "0.5.2"
  resolved "https://registry.yarnpkg.com/angular-bootstrap-switch/-/angular-bootstrap-switch-0.5.2.tgz#9469b7fc23bcb958d280edbf81692dfd1c6a9397"
  dependencies:
    angular ">=1.4.0"
    bootstrap ">=2.3.2"
    bootstrap-switch "3.3.2"
    jquery ">=1.9.0"

angular-confirm1@^1.1.0:
  version "1.1.0"
  resolved "https://registry.yarnpkg.com/angular-confirm1/-/angular-confirm1-1.1.0.tgz#c2bf47309006663c8f18d0c35f200d8761ce5378"

"angular-cookies@>=1.2.26 <1.7":
  version "1.6.9"
  resolved "https://registry.yarnpkg.com/angular-cookies/-/angular-cookies-1.6.9.tgz#7cadddab1eda8a2fce6901d19e651be5cd320758"

angular-growl-v2@^0.7.5:
  version "0.7.5"
  resolved "https://registry.yarnpkg.com/angular-growl-v2/-/angular-growl-v2-0.7.5.tgz#57876d511622801948c02e3a95dd96337af6470d"

angular-messages@^1.6.6:
  version "1.6.9"
  resolved "https://registry.yarnpkg.com/angular-messages/-/angular-messages-1.6.9.tgz#c6958a32ab49316af36e3e5ac6f94c361571fa72"

angular-moment@^1.1.0:
  version "1.2.0"
  resolved "https://registry.yarnpkg.com/angular-moment/-/angular-moment-1.2.0.tgz#a09e4902bc8d48ce06832af8c74169841b613bae"
  dependencies:
    moment ">=2.8.0 <3.0.0"

angular-resource@^1.6.6:
  version "1.6.9"
  resolved "https://registry.yarnpkg.com/angular-resource/-/angular-resource-1.6.9.tgz#d02334b7cb96353e245966ad044c0c673df7b685"

angular-sanitize@^1.6.6:
  version "1.6.9"
  resolved "https://registry.yarnpkg.com/angular-sanitize/-/angular-sanitize-1.6.9.tgz#1adba33f6f513e5f93e3aca8071bef53666739ea"

angular-smart-table@^2.1.9:
  version "2.1.11"
  resolved "https://registry.yarnpkg.com/angular-smart-table/-/angular-smart-table-2.1.11.tgz#d0ca625f5bfb873bf3748ab861c82892e42ddfa2"

angular-swal@^1.1.3:
  version "1.1.3"
  resolved "https://registry.yarnpkg.com/angular-swal/-/angular-swal-1.1.3.tgz#0c7c5e1cc954ebcd152902c69bcae8f34e67d617"
  dependencies:
    angular "1.5.9"
    sweetalert "1.1.3"

angular-translate-loader-partial@^2.16.0:
  version "2.17.0"
  resolved "https://registry.yarnpkg.com/angular-translate-loader-partial/-/angular-translate-loader-partial-2.17.0.tgz#3e5b18bb9fb8f2b28ac6404b20780aa74a0bee63"
  dependencies:
    angular-translate "~2.17.0"

angular-translate-storage-cookie@~2.17.0:
  version "2.17.0"
  resolved "https://registry.yarnpkg.com/angular-translate-storage-cookie/-/angular-translate-storage-cookie-2.17.0.tgz#9ca42716868a5e12c297dd4bf21bbcda4ca73303"
  dependencies:
    angular-cookies ">=1.2.26 <1.7"
    angular-translate "~2.17.0"

angular-translate-storage-local@^2.16.0:
  version "2.17.0"
  resolved "https://registry.yarnpkg.com/angular-translate-storage-local/-/angular-translate-storage-local-2.17.0.tgz#14c118d5c63bd4f0a677c60f6b351f9bf290fa20"
  dependencies:
    angular-translate "~2.17.0"
    angular-translate-storage-cookie "~2.17.0"

angular-translate@^2.16.0, angular-translate@~2.17.0:
  version "2.17.0"
  resolved "https://registry.yarnpkg.com/angular-translate/-/angular-translate-2.17.0.tgz#0871e50bec65eb30f6fbe6d83e4bee6bc5fcb474"
  dependencies:
    angular ">=1.2.26 <=1.6"

angular-ui-bootstrap@^2.5.6:
  version "2.5.6"
  resolved "https://registry.yarnpkg.com/angular-ui-bootstrap/-/angular-ui-bootstrap-2.5.6.tgz#23937322ec641a6fbee16498cc32452aa199e7c5"

angular-ui-router-breadcrumbs@^0.0.2:
  version "0.0.2"
  resolved "https://registry.yarnpkg.com/angular-ui-router-breadcrumbs/-/angular-ui-router-breadcrumbs-0.0.2.tgz#5f86da0bb280fc31ecd02211c923d2b3f6d011ba"
  dependencies:
    angular ">= 1.0.8"
    angular-ui-router ">= 0.2.10"

angular-ui-router-title@^0.1.1:
  version "0.1.1"
  resolved "https://registry.yarnpkg.com/angular-ui-router-title/-/angular-ui-router-title-0.1.1.tgz#9a9fed4e6b9b85794e839a300d1088f7c438caeb"
  dependencies:
    "@types/angular" "^1.5.17"
    "@types/angular-ui-router" "^1.1.34"

"angular-ui-router@>= 0.2.10":
  version "1.0.3"
  resolved "https://registry.yarnpkg.com/angular-ui-router/-/angular-ui-router-1.0.3.tgz#bf2494caae95c37cf01af3761d89747cfed2db45"
  dependencies:
    "@uirouter/core" "5.0.3"

angular-ui-router@^0.4.3:
  version "0.4.3"
  resolved "https://registry.yarnpkg.com/angular-ui-router/-/angular-ui-router-0.4.3.tgz#6c29546fe50b8d2f74614dcb8660d6fc40d6e167"
  dependencies:
    angular "^1.0.8"

angular@1.5.9:
  version "1.5.9"
  resolved "https://registry.yarnpkg.com/angular/-/angular-1.5.9.tgz#b7aeff42dad87881e06be16b6690fe766d868b51"

"angular@>= 1.0.8", "angular@>=1.2.26 <=1.6", angular@>=1.4.0, angular@^1.0.8, angular@^1.6.6:
  version "1.6.9"
  resolved "https://registry.yarnpkg.com/angular/-/angular-1.6.9.tgz#bc812932e18909038412d594a5990f4bb66c0619"

bootstrap-switch@3.3.2:
  version "3.3.2"
  resolved "https://registry.yarnpkg.com/bootstrap-switch/-/bootstrap-switch-3.3.2.tgz#79ddb49fadc308fb731e257f95957af48996eea7"
  dependencies:
    jquery ">=1.9.0"

bootstrap@>=2.3.2, bootstrap@^4.0.0:
  version "4.0.0"
  resolved "https://registry.yarnpkg.com/bootstrap/-/bootstrap-4.0.0.tgz#ceb03842c145fcc1b9b4e15da2a05656ba68469a"

font-awesome@^4.7.0:
  version "4.7.0"
  resolved "https://registry.yarnpkg.com/font-awesome/-/font-awesome-4.7.0.tgz#8fa8cf0411a1a31afd07b06d2902bb9fc815a133"

jquery@>=1.9.0, jquery@^3.2.1:
  version "3.3.1"
  resolved "https://registry.yarnpkg.com/jquery/-/jquery-3.3.1.tgz#958ce29e81c9790f31be7792df5d4d95fc57fbca"

"moment@>=2.8.0 <3.0.0":
  version "2.21.0"
  resolved "https://registry.yarnpkg.com/moment/-/moment-2.21.0.tgz#2a114b51d2a6ec9e6d83cf803f838a878d8a023a"

ng-file-upload@^12.2.13:
  version "12.2.13"
  resolved "https://registry.yarnpkg.com/ng-file-upload/-/ng-file-upload-12.2.13.tgz#01800f3872e526f95310f8477e99e4f12d0d8d14"

ngstorage@^0.3.11:
  version "0.3.11"
  resolved "https://registry.yarnpkg.com/ngstorage/-/ngstorage-0.3.11.tgz#1637c45b872d909d9cc7e18b374898d50b2e844f"

sweetalert@1.1.3:
  version "1.1.3"
  resolved "https://registry.yarnpkg.com/sweetalert/-/sweetalert-1.1.3.tgz#d2c31ea492b22b6a8d887aea15989a238fc084ae"

ui-select@^0.19.8:
  version "0.19.8"
  resolved "https://registry.yarnpkg.com/ui-select/-/ui-select-0.19.8.tgz#74860848a7fd8bc494d9856d2f62776ea98637c1"
